
Microsoft Visual Studio Solution File, Format Version 12.00
# Visual Studio Version 16
VisualStudioVersion = 16.0.31702.278
MinimumVisualStudioVersion = 10.0.40219.1
Project("{9A19103F-16F7-4668-BE54-9A1E7A4F7556}") = "AvaloniaReversy", "ReversyAvalonia\AvaloniaReversy.csproj", "{61849577-AB58-413B-B14C-22E122BA9117}"
EndProject
Project("{9A19103F-16F7-4668-BE54-9A1E7A4F7556}") = "ReversyEngine", "ReversyEngine\ReversyEngine.csproj", "{2B0BD1E5-1554-4D95-BAA3-8AC1EA162A8C}"
EndProject
Project("{9A19103F-16F7-4668-BE54-9A1E7A4F7556}") = "ConsoleReversy", "ConsoleReversy\ConsoleReversy.csproj", "{65806BC0-83D1-4D44-BD6B-BA92C75D93B4}"
EndProject
Project("{9A19103F-16F7-4668-BE54-9A1E7A4F7556}") = "Tests", "Tests\Tests.csproj", "{38A4D4FD-8CED-410F-96EB-B1485B5886EF}"
EndProject
Project("{9A19103F-16F7-4668-BE54-9A1E7A4F7556}") = "TestConsole", "TestConsole\TestConsole.csproj", "{7053F195-8165-4F0E-9CF4-6778C5B98063}"
EndProject
Global
	GlobalSection(SolutionConfigurationPlatforms) = preSolution
		Debug|Any CPU = Debug|Any CPU
		Release|Any CPU = Release|Any CPU
	EndGlobalSection
	GlobalSection(ProjectConfigurationPlatforms) = postSolution
		{61849577-AB58-413B-B14C-22E122BA9117}.Debug|Any CPU.ActiveCfg = Debug|Any CPU
		{61849577-AB58-413B-B14C-22E122BA9117}.Debug|Any CPU.Build.0 = Debug|Any CPU
		{61849577-AB58-413B-B14C-22E122BA9117}.Release|Any CPU.ActiveCfg = Release|Any CPU
		{61849577-AB58-413B-B14C-22E122BA9117}.Release|Any CPU.Build.0 = Release|Any CPU
		{2B0BD1E5-1554-4D95-BAA3-8AC1EA162A8C}.Debug|Any CPU.ActiveCfg = Debug|Any CPU
		{2B0BD1E5-1554-4D95-BAA3-8AC1EA162A8C}.Debug|Any CPU.Build.0 = Debug|Any CPU
		{2B0BD1E5-1554-4D95-BAA3-8AC1EA162A8C}.Release|Any CPU.ActiveCfg = Release|Any CPU
		{2B0BD1E5-1554-4D95-BAA3-8AC1EA162A8C}.Release|Any CPU.Build.0 = Release|Any CPU
		{65806BC0-83D1-4D44-BD6B-BA92C75D93B4}.Debug|Any CPU.ActiveCfg = Debug|Any CPU
		{65806BC0-83D1-4D44-BD6B-BA92C75D93B4}.Debug|Any CPU.Build.0 = Debug|Any CPU
		{65806BC0-83D1-4D44-BD6B-BA92C75D93B4}.Release|Any CPU.ActiveCfg = Release|Any CPU
		{65806BC0-83D1-4D44-BD6B-BA92C75D93B4}.Release|Any CPU.Build.0 = Release|Any CPU
		{38A4D4FD-8CED-410F-96EB-B1485B5886EF}.Debug|Any CPU.ActiveCfg = Debug|Any CPU
		{38A4D4FD-8CED-410F-96EB-B1485B5886EF}.Debug|Any CPU.Build.0 = Debug|Any CPU
		{38A4D4FD-8CED-410F-96EB-B1485B5886EF}.Release|Any CPU.ActiveCfg = Release|Any CPU
		{38A4D4FD-8CED-410F-96EB-B1485B5886EF}.Release|Any CPU.Build.0 = Release|Any CPU
		{7053F195-8165-4F0E-9CF4-6778C5B98063}.Debug|Any CPU.ActiveCfg = Debug|Any CPU
		{7053F195-8165-4F0E-9CF4-6778C5B98063}.Debug|Any CPU.Build.0 = Debug|Any CPU
		{7053F195-8165-4F0E-9CF4-6778C5B98063}.Release|Any CPU.ActiveCfg = Release|Any CPU
		{7053F195-8165-4F0E-9CF4-6778C5B98063}.Release|Any CPU.Build.0 = Release|Any CPU
	EndGlobalSection
	GlobalSection(SolutionProperties) = preSolution
		HideSolutionNode = FALSE
	EndGlobalSection
	GlobalSection(ExtensibilityGlobals) = postSolution
		SolutionGuid = {B29CEC8F-24E3-4C20-962E-41C7AB9F9053}
	EndGlobalSection
EndGlobal
